PODS:
  - Alamofire (5.7.1)
  - HandyJSON (5.0.0)
  - Moya (15.0.0):
    - Moya/Core (= 15.0.0)
  - Moya/Core (15.0.0):
    - Alamofire (~> 5.0)
  - SwiftyNetworkTools (0.1.1):
    - Alamofire (~> 5.7.1)
    - HandyJSON (= 5.0.0)
    - Moya (~> 15.0.0)

DEPENDENCIES:
  - SwiftyNetworkTools (from `../`)

SPEC REPOS:
  https://github.com/CocoaPods/Specs.git:
    - Alamofire
    - HandyJSON
    - Moya

EXTERNAL SOURCES:
  SwiftyNetworkTools:
    :path: "../"

SPEC CHECKSUMS:
  Alamofire: 0123a34370cb170936ae79a8df46cc62b2edeb88
  HandyJSON: 992f2d661716d6a91de82d0056927bc7813b5770
  Moya: 138f0573e53411fb3dc17016add0b748dfbd78ee
  SwiftyNetworkTools: fcd70eb6890b15fed8d14ce53516ea44985f2957

PODFILE CHECKSUM: c96384677afe49be8d0e62cc9f62b09b5d460fc4

COCOAPODS: 1.15.2
